# @generated by Move, please check-in and do not edit manually.

[move]
version = 3
manifest_digest = "88429B8DCBC45C8BD7A7969EEB02AAC965E9DEE3F7F75A2BFC95A61F559F67A9"
deps_digest = "F8BBB0CCB2491CA29A3DF03D6F92277A4F3574266507ACD77214D37ECA3F3082"
dependencies = [
  { id = "Sui", name = "Sui" },
]

[[move.package]]
id = "MoveStdlib"
source = { git = "https://github.com/MystenLabs/sui.git", rev = "framework/testnet", subdir = "crates/sui-framework/packages/move-stdlib" }

[[move.package]]
id = "Sui"
source = { git = "https://github.com/MystenLabs/sui.git", rev = "framework/testnet", subdir = "crates/sui-framework/packages/sui-framework" }

dependencies = [
  { id = "MoveStdlib", name = "MoveStdlib" },
]

[move.toolchain-version]
compiler-version = "1.57.0"
edition = "2024"
flavor = "sui"

[env]

[env.mainnet]
chain-id = "35834a8a"
original-published-id = "0x80295ce403737116524f0e048278c7ba022bc397a97139fc692a2d81f5bf1199"
latest-published-id = "0x80295ce403737116524f0e048278c7ba022bc397a97139fc692a2d81f5bf1199"
published-version = "1"

[env.testnet]
chain-id = "4c78adac"
original-published-id = "0x5d4356c8b1d54fa4ff50afe4702ca2329cf7884eb8edb48399ffce907ecd14b0"
latest-published-id = "0x5d4356c8b1d54fa4ff50afe4702ca2329cf7884eb8edb48399ffce907ecd14b0"
published-version = "1"
